
Microsoft Visual Studio Solution File, Format Version 12.00
# Visual Studio Version 17
VisualStudioVersion = 17.11.35208.52
MinimumVisualStudioVersion = 10.0.40219.1
Project("{FAE04EC0-301F-11D3-BF4B-00C04F79EFBC}") = "TailorResume", "TailorResume.csproj", "{92016831-A735-474B-B71E-7AD398997647}"
EndProject
Global
	GlobalSection(SolutionConfigurationPlatforms) = preSolution
		Debug|Any CPU = Debug|Any CPU
		Release|Any CPU = Release|Any CPU
	EndGlobalSection
	GlobalSection(ProjectConfigurationPlatforms) = postSolution
		{92016831-A735-474B-B71E-7AD398997647}.Debug|Any CPU.ActiveCfg = Debug|Any CPU
		{92016831-A735-474B-B71E-7AD398997647}.Debug|Any CPU.Build.0 = Debug|Any CPU
		{92016831-A735-474B-B71E-7AD398997647}.Debug|Any CPU.Deploy.0 = Debug|Any CPU
		{92016831-A735-474B-B71E-7AD398997647}.Release|Any CPU.ActiveCfg = Release|Any CPU
		{92016831-A735-474B-B71E-7AD398997647}.Release|Any CPU.Build.0 = Release|Any CPU
		{92016831-A735-474B-B71E-7AD398997647}.Release|Any CPU.Deploy.0 = Release|Any CPU
	EndGlobalSection
	GlobalSection(SolutionProperties) = preSolution
		HideSolutionNode = FALSE
	EndGlobalSection
	GlobalSection(ExtensibilityGlobals) = postSolution
		SolutionGuid = {94CDABC9-6472-4A8E-8998-9A3C74580ECC}
	EndGlobalSection
EndGlobal
